{
  "requires": true,
  "lockfileVersion": 1,
  "dependencies": {
    "@angular/common": {
      "version": "5.2.11",
      "resolved": "https://registry.npmjs.org/@angular/common/-/common-5.2.11.tgz",
      "integrity": "sha512-LniJjGAeftUJDJh+2+LEjltcGen08C/VMxQ/eUYmesytKy1sN+MWzh3GbpKfEWtWmyUsYTG9lAAJNo3L3jPwsw==",
      "requires": {
        "tslib": "^1.7.1"
      }
    },
    "@angular/compiler": {
      "version": "5.2.11",
      "resolved": "https://registry.npmjs.org/@angular/compiler/-/compiler-5.2.11.tgz",
      "integrity": "sha512-ICvB1ud1mxaXUYLb8vhJqiLhGBVocAZGxoHTglv6hMkbrRYcnlB3FZJFOzBvtj+krkd1jamoYLI43UAmesqQ6Q==",
      "requires": {
        "tslib": "^1.7.1"
      }
    },
    "@angular/core": {
      "version": "5.2.11",
      "resolved": "https://registry.npmjs.org/@angular/core/-/core-5.2.11.tgz",
      "integrity": "sha512-h2vpvXNAdOqKzbVaZcHnHGMT5A8uDnizk6FgGq6SPyw9s3d+/VxZ9LJaPjUk3g2lICA7og1tUel+2YfF971MlQ==",
      "requires": {
        "tslib": "^1.7.1"
      }
    },
    "@angular/http": {
      "version": "5.2.11",
      "resolved": "https://registry.npmjs.org/@angular/http/-/http-5.2.11.tgz",
      "integrity": "sha512-eR7wNXh1+6MpcQNb3sq4bJVX03dx50Wl3kpPG+Q7N1VSL0oPQSobaTrR17ac3oFCEfSJn6kkUCqtUXha6wcNHg==",
      "requires": {
        "tslib": "^1.7.1"
      }
    },
    "@angular/platform-browser": {
      "version": "5.2.11",
      "resolved": "https://registry.npmjs.org/@angular/platform-browser/-/platform-browser-5.2.11.tgz",
      "integrity": "sha512-6YZ4IpBFqXx88vEzBZG2WWnaSYXbFWDgG0iT+bZPHAfwsbmqbcMcs7Ogu+XZ4VmK02dTqbrFh7U4P2W+sqrzow==",
      "requires": {
        "tslib": "^1.7.1"
      }
    },
    "axios": {
      "version": "0.19.0",
      "resolved": "https://registry.npmjs.org/axios/-/axios-0.19.0.tgz",
      "integrity": "sha512-1uvKqKQta3KBxIz14F2v06AEHZ/dIoeKfbTRkK1E5oqjDnuEerLmYTgJB5AiQZHJcljpg1TuRzdjDR06qNk0DQ==",
      "requires": {
        "follow-redirects": "1.5.10",
        "is-buffer": "^2.0.2"
      }
    },
    "core-js": {
      "version": "2.6.10",
      "resolved": "https://registry.npmjs.org/core-js/-/core-js-2.6.10.tgz",
      "integrity": "sha512-I39t74+4t+zau64EN1fE5v2W31Adtc/REhzWN+gWRRXg6WH5qAsZm62DHpQ1+Yhe4047T55jvzz7MUqF/dBBlA=="
    },
    "debug": {
      "version": "3.1.0",
      "resolved": "https://registry.npmjs.org/debug/-/debug-3.1.0.tgz",
      "integrity": "sha512-OX8XqP7/1a9cqkxYw2yXss15f26NKWBpDXQd0/uK/KPqdQhxbPa994hnzjcE2VqQpDslf55723cKPUOGSmMY3g==",
      "requires": {
        "ms": "2.0.0"
      }
    },
    "dom-serializer": {
      "version": "0.2.2",
      "resolved": "https://registry.npmjs.org/dom-serializer/-/dom-serializer-0.2.2.tgz",
      "integrity": "sha512-2/xPb3ORsQ42nHYiSunXkDjPLBaEj/xTwUO4B7XCZQTRk7EBtTOPaygh10YAAh2OI1Qrp6NWfpAhzswj0ydt9g==",
      "requires": {
        "domelementtype": "^2.0.1",
        "entities": "^2.0.0"
      }
    },
    "domelementtype": {
      "version": "2.0.1",
      "resolved": "https://registry.npmjs.org/domelementtype/-/domelementtype-2.0.1.tgz",
      "integrity": "sha512-5HOHUDsYZWV8FGWN0Njbr/Rn7f/eWSQi1v7+HsUVwXgn8nWWlL64zKDkS0n8ZmQ3mlWOMuXOnR+7Nx/5tMO5AQ=="
    },
    "domhandler": {
      "version": "3.0.0",
      "resolved": "https://registry.npmjs.org/domhandler/-/domhandler-3.0.0.tgz",
      "integrity": "sha512-eKLdI5v9m67kbXQbJSNn1zjh0SDzvzWVWtX+qEI3eMjZw8daH9k8rlj1FZY9memPwjiskQFbe7vHVVJIAqoEhw==",
      "requires": {
        "domelementtype": "^2.0.1"
      }
    },
    "domutils": {
      "version": "2.0.0",
      "resolved": "https://registry.npmjs.org/domutils/-/domutils-2.0.0.tgz",
      "integrity": "sha512-n5SelJ1axbO636c2yUtOGia/IcJtVtlhQbFiVDBZHKV5ReJO1ViX7sFEemtuyoAnBxk5meNSYgA8V4s0271efg==",
      "requires": {
        "dom-serializer": "^0.2.1",
        "domelementtype": "^2.0.1",
        "domhandler": "^3.0.0"
      }
    },
    "entities": {
      "version": "2.0.0",
      "resolved": "https://registry.npmjs.org/entities/-/entities-2.0.0.tgz",
      "integrity": "sha512-D9f7V0JSRwIxlRI2mjMqufDrRDnx8p+eEOz7aUM9SuvF8gsBzra0/6tbjl1m8eQHrZlYj6PxqE00hZ1SAIKPLw=="
    },
    "follow-redirects": {
      "version": "1.5.10",
      "resolved": "https://registry.npmjs.org/follow-redirects/-/follow-redirects-1.5.10.tgz",
      "integrity": "sha512-0V5l4Cizzvqt5D44aTXbFZz+FtyXV1vrDN6qrelxtfYQKW0KO0W2T/hkE8xvGa/540LkZlkaUjO4ailYTFtHVQ==",
      "requires": {
        "debug": "=3.1.0"
      }
    },
    "html-to-react": {
      "version": "1.4.2",
      "resolved": "https://registry.npmjs.org/html-to-react/-/html-to-react-1.4.2.tgz",
      "integrity": "sha512-TdTfxd95sRCo6QL8admCkE7mvNNrXtGoVr1dyS+7uvc8XCqAymnf/6ckclvnVbQNUo2Nh21VPwtfEHd0khiV7g==",
      "requires": {
        "domhandler": "^3.0",
        "htmlparser2": "^4.0",
        "lodash.camelcase": "^4.3.0",
        "ramda": "^0.26"
      }
    },
    "htmlparser2": {
      "version": "4.0.0",
      "resolved": "https://registry.npmjs.org/htmlparser2/-/htmlparser2-4.0.0.tgz",
      "integrity": "sha512-cChwXn5Vam57fyXajDtPXL1wTYc8JtLbr2TN76FYu05itVVVealxLowe2B3IEznJG4p9HAYn/0tJaRlGuEglFQ==",
      "requires": {
        "domelementtype": "^2.0.1",
        "domhandler": "^3.0.0",
        "domutils": "^2.0.0",
        "entities": "^2.0.0"
      }
    },
    "is-buffer": {
      "version": "2.0.4",
      "resolved": "https://registry.npmjs.org/is-buffer/-/is-buffer-2.0.4.tgz",
      "integrity": "sha512-Kq1rokWXOPXWuaMAqZiJW4XxsmD9zGx9q4aePabbn3qCRGedtH7Cm+zV8WETitMfu1wdh+Rvd6w5egwSngUX2A=="
    },
    "lodash.camelcase": {
      "version": "4.3.0",
      "resolved": "https://registry.npmjs.org/lodash.camelcase/-/lodash.camelcase-4.3.0.tgz",
      "integrity": "sha1-soqmKIorn8ZRA1x3EfZathkDMaY="
    },
    "ms": {
      "version": "2.0.0",
      "resolved": "https://registry.npmjs.org/ms/-/ms-2.0.0.tgz",
      "integrity": "sha1-VgiurfwAvmwpAd9fmGF4jeDVl8g="
    },
    "ramda": {
      "version": "0.26.1",
      "resolved": "https://registry.npmjs.org/ramda/-/ramda-0.26.1.tgz",
      "integrity": "sha512-hLWjpy7EnsDBb0p+Z3B7rPi3GDeRG5ZtiI33kJhTt+ORCd38AbAIjB/9zRIUoeTbE/AVX5ZkU7m6bznsvrf8eQ=="
    },
    "read-appsettings-json": {
      "version": "1.0.98",
      "resolved": "https://registry.npmjs.org/read-appsettings-json/-/read-appsettings-json-1.0.98.tgz",
      "integrity": "sha512-fkSp/athRSKawE3n/aBMcoDdi9PK3KkvCPv5iPcFlszstycjAnt1IKEVaYK8trCmJLXsWR3wvGSLOMiRsNku/g==",
      "requires": {
        "@angular/common": "^5.2.4",
        "@angular/compiler": "^5.2.4",
        "@angular/core": "^5.2.4",
        "@angular/http": "^5.2.4",
        "@angular/platform-browser": "^5.2.4",
        "core-js": "^2.5.3",
        "reflect-metadata": "^0.1.12",
        "rxjs": "^5.5.6",
        "zone.js": "^0.8.20"
      }
    },
    "reflect-metadata": {
      "version": "0.1.13",
      "resolved": "https://registry.npmjs.org/reflect-metadata/-/reflect-metadata-0.1.13.tgz",
      "integrity": "sha512-Ts1Y/anZELhSsjMcU605fU9RE4Oi3p5ORujwbIKXfWa+0Zxs510Qrmrce5/Jowq3cHSZSJqBjypxmHarc+vEWg=="
    },
    "rxjs": {
      "version": "5.5.12",
      "resolved": "https://registry.npmjs.org/rxjs/-/rxjs-5.5.12.tgz",
      "integrity": "sha512-xx2itnL5sBbqeeiVgNPVuQQ1nC8Jp2WfNJhXWHmElW9YmrpS9UVnNzhP3EH3HFqexO5Tlp8GhYY+WEcqcVMvGw==",
      "requires": {
        "symbol-observable": "1.0.1"
      }
    },
    "symbol-observable": {
      "version": "1.0.1",
      "resolved": "https://registry.npmjs.org/symbol-observable/-/symbol-observable-1.0.1.tgz",
      "integrity": "sha1-g0D8RwLDEi310iKI+IKD9RPT/dQ="
    },
    "tslib": {
      "version": "1.10.0",
      "resolved": "https://registry.npmjs.org/tslib/-/tslib-1.10.0.tgz",
      "integrity": "sha512-qOebF53frne81cf0S9B41ByenJ3/IuH8yJKngAX35CmiZySA0khhkovshKK+jGCaMnVomla7gVlIcc3EvKPbTQ=="
    },
    "zone.js": {
      "version": "0.8.29",
      "resolved": "https://registry.npmjs.org/zone.js/-/zone.js-0.8.29.tgz",
      "integrity": "sha512-mla2acNCMkWXBD+c+yeUrBUrzOxYMNFdQ6FGfigGGtEVBPJx07BQeJekjt9DmH1FtZek4E9rE1eRR9qQpxACOQ=="
    }
  }
}
